
Microsoft Visual Studio Solution File, Format Version 12.00
# Visual Studio 14
VisualStudioVersion = 14.0.24720.0
MinimumVisualStudioVersion = 10.0.40219.1
Project("{FAE04EC0-301F-11D3-BF4B-00C04F79EFBC}") = "Bonus.UnityResolver", "Bonus.UnityResolver\Bonus.UnityResolver.csproj", "{5DAAC587-9DDA-4D65-AFCE-17C02498DE19}"
EndProject
Project("{FAE04EC0-301F-11D3-BF4B-00C04F79EFBC}") = "Bonus.BusinessServices", "Bonus.BusinessServices\Bonus.BusinessServices.csproj", "{ABAF7127-9CC1-48A7-BBC9-047B57080167}"
EndProject
Project("{FAE04EC0-301F-11D3-BF4B-00C04F79EFBC}") = "Bonus.DataModel", "Bonus.DataModel\Bonus.DataModel.csproj", "{C77675EC-1FF7-40E1-9A64-CDA82115B3E3}"
EndProject
Project("{FAE04EC0-301F-11D3-BF4B-00C04F79EFBC}") = "Bonus.Common", "Bonus.Common\Bonus.Common.csproj", "{1A6277E5-DCBF-46A6-87D6-1D6376A6DC1F}"
EndProject
Project("{FAE04EC0-301F-11D3-BF4B-00C04F79EFBC}") = "Bonus.BusinessEntities", "Bonus.BusinessEntities\Bonus.BusinessEntities.csproj", "{E0EBBC66-BB2B-46B9-87D5-03D55B5BB796}"
EndProject
Project("{FAE04EC0-301F-11D3-BF4B-00C04F79EFBC}") = "Bonus.WebApi", "Bonus.WebApi\Bonus.WebApi.csproj", "{17B3B129-D2B3-48F8-88F0-139DB1DBC6BC}"
EndProject
Global
	GlobalSection(SolutionConfigurationPlatforms) = preSolution
		Debug|Any CPU = Debug|Any CPU
		Release|Any CPU = Release|Any CPU
	EndGlobalSection
	GlobalSection(ProjectConfigurationPlatforms) = postSolution
		{5DAAC587-9DDA-4D65-AFCE-17C02498DE19}.Debug|Any CPU.ActiveCfg = Debug|Any CPU
		{5DAAC587-9DDA-4D65-AFCE-17C02498DE19}.Debug|Any CPU.Build.0 = Debug|Any CPU
		{5DAAC587-9DDA-4D65-AFCE-17C02498DE19}.Release|Any CPU.ActiveCfg = Release|Any CPU
		{5DAAC587-9DDA-4D65-AFCE-17C02498DE19}.Release|Any CPU.Build.0 = Release|Any CPU
		{ABAF7127-9CC1-48A7-BBC9-047B57080167}.Debug|Any CPU.ActiveCfg = Debug|Any CPU
		{ABAF7127-9CC1-48A7-BBC9-047B57080167}.Debug|Any CPU.Build.0 = Debug|Any CPU
		{ABAF7127-9CC1-48A7-BBC9-047B57080167}.Release|Any CPU.ActiveCfg = Release|Any CPU
		{ABAF7127-9CC1-48A7-BBC9-047B57080167}.Release|Any CPU.Build.0 = Release|Any CPU
		{C77675EC-1FF7-40E1-9A64-CDA82115B3E3}.Debug|Any CPU.ActiveCfg = Debug|Any CPU
		{C77675EC-1FF7-40E1-9A64-CDA82115B3E3}.Debug|Any CPU.Build.0 = Debug|Any CPU
		{C77675EC-1FF7-40E1-9A64-CDA82115B3E3}.Release|Any CPU.ActiveCfg = Release|Any CPU
		{C77675EC-1FF7-40E1-9A64-CDA82115B3E3}.Release|Any CPU.Build.0 = Release|Any CPU
		{1A6277E5-DCBF-46A6-87D6-1D6376A6DC1F}.Debug|Any CPU.ActiveCfg = Debug|Any CPU
		{1A6277E5-DCBF-46A6-87D6-1D6376A6DC1F}.Debug|Any CPU.Build.0 = Debug|Any CPU
		{1A6277E5-DCBF-46A6-87D6-1D6376A6DC1F}.Release|Any CPU.ActiveCfg = Release|Any CPU
		{1A6277E5-DCBF-46A6-87D6-1D6376A6DC1F}.Release|Any CPU.Build.0 = Release|Any CPU
		{E0EBBC66-BB2B-46B9-87D5-03D55B5BB796}.Debug|Any CPU.ActiveCfg = Debug|Any CPU
		{E0EBBC66-BB2B-46B9-87D5-03D55B5BB796}.Debug|Any CPU.Build.0 = Debug|Any CPU
		{E0EBBC66-BB2B-46B9-87D5-03D55B5BB796}.Release|Any CPU.ActiveCfg = Release|Any CPU
		{E0EBBC66-BB2B-46B9-87D5-03D55B5BB796}.Release|Any CPU.Build.0 = Release|Any CPU
		{17B3B129-D2B3-48F8-88F0-139DB1DBC6BC}.Debug|Any CPU.ActiveCfg = Debug|Any CPU
		{17B3B129-D2B3-48F8-88F0-139DB1DBC6BC}.Debug|Any CPU.Build.0 = Debug|Any CPU
		{17B3B129-D2B3-48F8-88F0-139DB1DBC6BC}.Release|Any CPU.ActiveCfg = Release|Any CPU
		{17B3B129-D2B3-48F8-88F0-139DB1DBC6BC}.Release|Any CPU.Build.0 = Release|Any CPU
	EndGlobalSection
	GlobalSection(SolutionProperties) = preSolution
		HideSolutionNode = FALSE
	EndGlobalSection
EndGlobal
